
Microsoft Visual Studio Solution File, Format Version 12.00
# Visual Studio Version 17
VisualStudioVersion = 17.8.34330.188
MinimumVisualStudioVersion = 10.0.40219.1
Project("{FAE04EC0-301F-11D3-BF4B-00C04F79EFBC}") = "Laba6", "Project2\Laba6.csproj", "{0CA07AF8-315D-4947-922F-2C63B3902020}"
EndProject
Global
	GlobalSection(SolutionConfigurationPlatforms) = preSolution
		Debug|Any CPU = Debug|Any CPU
		Release|Any CPU = Release|Any CPU
	EndGlobalSection
	GlobalSection(ProjectConfigurationPlatforms) = postSolution
		{0CA07AF8-315D-4947-922F-2C63B3902020}.Debug|Any CPU.ActiveCfg = Debug|Any CPU
		{0CA07AF8-315D-4947-922F-2C63B3902020}.Debug|Any CPU.Build.0 = Debug|Any CPU
		{0CA07AF8-315D-4947-922F-2C63B3902020}.Release|Any CPU.ActiveCfg = Release|Any CPU
		{0CA07AF8-315D-4947-922F-2C63B3902020}.Release|Any CPU.Build.0 = Release|Any CPU
	EndGlobalSection
	GlobalSection(SolutionProperties) = preSolution
		HideSolutionNode = FALSE
	EndGlobalSection
	GlobalSection(ExtensibilityGlobals) = postSolution
		SolutionGuid = {FE4CDFC8-B453-4A75-B9AF-7B281A4151B2}
	EndGlobalSection
EndGlobal
